<?xml version="1.0" encoding="utf-8"?>
<Project ToolsVersion="4.0" xmlns="http://schemas.microsoft.com/developer/msbuild/2003">
  <ItemGroup>
    <Filter Include="Source Files">
      <UniqueIdentifier>{4FC737F1-C7A5-4376-A066-2A32D752A2FF}</UniqueIdentifier>
      <Extensions>cpp;c;cc;cxx;c++;def;odl;idl;hpj;bat;asm;asmx</Extensions>
    </Filter>
    <Filter Include="Header Files">
      <UniqueIdentifier>{93995380-89BD-4b04-88EB-625FBE52EBFB}</UniqueIdentifier>
      <Extensions>h;hh;hpp;hxx;h++;hm;inl;inc;ipp;xsd</Extensions>
    </Filter>
    <Filter Include="Resource Files">
      <UniqueIdentifier>{67DA6AB6-F800-4c08-8B7A-83BB121AAD01}</UniqueIdentifier>
      <Extensions>rc;ico;cur;bmp;dlg;rc2;rct;bin;rgs;gif;jpg;jpeg;jpe;resx;tiff;tif;png;wav;mfcribbon-ms</Extensions>
    </Filter>
  </ItemGroup>
  <ItemGroup>
    <ClCompile Include="src\Main.cpp">
      <Filter>Source Files</Filter>
    </ClCompile>
    <ClCompile Include="src\Application.cpp">
      <Filter>Source Files</Filter>
    </ClCompile>
    <ClCompile Include="src\Shaders\Shader.cpp">
      <Filter>Source Files</Filter>
    </ClCompile>
    <ClCompile Include="src\shaders\TerrainShader.cpp">
      <Filter>Source Files</Filter>
    </ClCompile>
    <ClCompile Include="src\Maths.cpp">
      <Filter>Source Files</Filter>
    </ClCompile>
    <ClCompile Include="src\stb_image.cpp">
      <Filter>Source Files</Filter>
    </ClCompile>
    <ClCompile Include="src\shaders\GuiShader.cpp">
      <Filter>Source Files</Filter>
    </ClCompile>
    <ClCompile Include="src\shaders\EntityShader.cpp">
      <Filter>Source Files</Filter>
    </ClCompile>
    <ClCompile Include="src\gui\GuiTexture.cpp">
      <Filter>Source Files</Filter>
    </ClCompile>
    <ClCompile Include="src\models\Mesh.cpp">
      <Filter>Source Files</Filter>
    </ClCompile>
    <ClCompile Include="src\shaders\SkyboxShader.cpp">
      <Filter>Source Files</Filter>
    </ClCompile>
    <ClCompile Include="src\gui\MousePicker.cpp">
      <Filter>Source Files</Filter>
    </ClCompile>
    <ClCompile Include="src\scene\GameScene.cpp">
      <Filter>Source Files</Filter>
    </ClCompile>
    <ClCompile Include="src\environment\Camera.cpp">
      <Filter>Source Files</Filter>
    </ClCompile>
    <ClCompile Include="src\environment\Entity.cpp">
      <Filter>Source Files</Filter>
    </ClCompile>
    <ClCompile Include="src\environment\Light.cpp">
      <Filter>Source Files</Filter>
    </ClCompile>
    <ClCompile Include="src\environment\Player.cpp">
      <Filter>Source Files</Filter>
    </ClCompile>
    <ClCompile Include="src\environment\Terrain.cpp">
      <Filter>Source Files</Filter>
    </ClCompile>
    <ClCompile Include="src\scene\Environment.cpp">
      <Filter>Source Files</Filter>
    </ClCompile>
    <ClCompile Include="src\WavefrontData.cpp">
      <Filter>Source Files</Filter>
    </ClCompile>
    <ClCompile Include="src\Loader.cpp">
      <Filter>Source Files</Filter>
    </ClCompile>
    <ClCompile Include="src\renderers\EntityRenderer.cpp">
      <Filter>Source Files</Filter>
    </ClCompile>
    <ClCompile Include="src\renderers\GuiRenderer.cpp">
      <Filter>Source Files</Filter>
    </ClCompile>
    <ClCompile Include="src\renderers\MasterRenderer.cpp">
      <Filter>Source Files</Filter>
    </ClCompile>
    <ClCompile Include="src\renderers\SkyboxRenderer.cpp">
      <Filter>Source Files</Filter>
    </ClCompile>
    <ClCompile Include="src\renderers\TerrainRenderer.cpp">
      <Filter>Source Files</Filter>
    </ClCompile>
    <ClCompile Include="src\environment\Skybox.cpp">
      <Filter>Source Files</Filter>
    </ClCompile>
    <ClCompile Include="src\shaders\WaterShader.cpp">
      <Filter>Source Files</Filter>
    </ClCompile>
    <ClCompile Include="src\renderers\WaterRenderer.cpp">
      <Filter>Source Files</Filter>
    </ClCompile>
    <ClCompile Include="src\environment\Water.cpp">
      <Filter>Source Files</Filter>
    </ClCompile>
    <ClCompile Include="src\renderers\WaterFrameBuffers.cpp">
      <Filter>Source Files</Filter>
    </ClCompile>
    <ClCompile Include="src\text\Text.cpp">
      <Filter>Source Files</Filter>
    </ClCompile>
    <ClCompile Include="src\text\FontType.cpp">
      <Filter>Source Files</Filter>
    </ClCompile>
    <ClCompile Include="src\text\TextLoader.cpp">
      <Filter>Source Files</Filter>
    </ClCompile>
    <ClCompile Include="src\text\GuiText.cpp">
      <Filter>Source Files</Filter>
    </ClCompile>
    <ClCompile Include="src\text\TextMaster.cpp">
      <Filter>Source Files</Filter>
    </ClCompile>
    <ClCompile Include="src\text\FontData.cpp">
      <Filter>Source Files</Filter>
    </ClCompile>
    <ClCompile Include="src\scene\TestScene.cpp">
      <Filter>Source Files</Filter>
    </ClCompile>
  </ItemGroup>
  <ItemGroup>
    <ClInclude Include="src\Vendor\stb_image\stb_image.h">
      <Filter>Header Files</Filter>
    </ClInclude>
    <ClInclude Include="src\Application.h">
      <Filter>Header Files</Filter>
    </ClInclude>
    <ClInclude Include="src\Shaders\Shader.h">
      <Filter>Header Files</Filter>
    </ClInclude>
    <ClInclude Include="src\Maths.h">
      <Filter>Header Files</Filter>
    </ClInclude>
    <ClInclude Include="src\shaders\TerrainShader.h">
      <Filter>Header Files</Filter>
    </ClInclude>
    <ClInclude Include="src\models\Mesh.h">
      <Filter>Header Files</Filter>
    </ClInclude>
    <ClInclude Include="src\models\Model.h">
      <Filter>Header Files</Filter>
    </ClInclude>
    <ClInclude Include="src\models\Texture.h">
      <Filter>Header Files</Filter>
    </ClInclude>
    <ClInclude Include="src\models\Material.h">
      <Filter>Header Files</Filter>
    </ClInclude>
    <ClInclude Include="src\Location.h">
      <Filter>Header Files</Filter>
    </ClInclude>
    <ClInclude Include="src\gui\GuiTexture.h">
      <Filter>Header Files</Filter>
    </ClInclude>
    <ClInclude Include="src\shaders\GuiShader.h">
      <Filter>Header Files</Filter>
    </ClInclude>
    <ClInclude Include="src\shaders\EntityShader.h">
      <Filter>Header Files</Filter>
    </ClInclude>
    <ClInclude Include="src\CompareTexturedModel.h">
      <Filter>Header Files</Filter>
    </ClInclude>
    <ClInclude Include="src\shaders\SkyboxShader.h">
      <Filter>Header Files</Filter>
    </ClInclude>
    <ClInclude Include="src\gui\MousePicker.h">
      <Filter>Header Files</Filter>
    </ClInclude>
    <ClInclude Include="src\models\BoundingSphere.h">
      <Filter>Header Files</Filter>
    </ClInclude>
    <ClInclude Include="src\gui\RayIntersection.h">
      <Filter>Header Files</Filter>
    </ClInclude>
    <ClInclude Include="src\scene\Scene.h">
      <Filter>Header Files</Filter>
    </ClInclude>
    <ClInclude Include="src\scene\GameScene.h">
      <Filter>Header Files</Filter>
    </ClInclude>
    <ClInclude Include="src\UserInput.h">
      <Filter>Header Files</Filter>
    </ClInclude>
    <ClInclude Include="src\environment\Camera.h">
      <Filter>Header Files</Filter>
    </ClInclude>
    <ClInclude Include="src\environment\Entity.h">
      <Filter>Header Files</Filter>
    </ClInclude>
    <ClInclude Include="src\environment\Light.h">
      <Filter>Header Files</Filter>
    </ClInclude>
    <ClInclude Include="src\environment\Player.h">
      <Filter>Header Files</Filter>
    </ClInclude>
    <ClInclude Include="src\environment\Terrain.h">
      <Filter>Header Files</Filter>
    </ClInclude>
    <ClInclude Include="src\scene\Environment.h">
      <Filter>Header Files</Filter>
    </ClInclude>
    <ClInclude Include="src\WavefrontData.h">
      <Filter>Header Files</Filter>
    </ClInclude>
    <ClInclude Include="src\Loader.h">
      <Filter>Header Files</Filter>
    </ClInclude>
    <ClInclude Include="src\renderers\EntityRenderer.h">
      <Filter>Header Files</Filter>
    </ClInclude>
    <ClInclude Include="src\renderers\MasterRenderer.h">
      <Filter>Header Files</Filter>
    </ClInclude>
    <ClInclude Include="src\renderers\SkyboxRenderer.h">
      <Filter>Header Files</Filter>
    </ClInclude>
    <ClInclude Include="src\renderers\TerrainRenderer.h">
      <Filter>Header Files</Filter>
    </ClInclude>
    <ClInclude Include="src\environment\Skybox.h">
      <Filter>Header Files</Filter>
    </ClInclude>
    <ClInclude Include="src\renderers\GuiRenderer.h">
      <Filter>Header Files</Filter>
    </ClInclude>
    <ClInclude Include="src\shaders\WaterShader.h">
      <Filter>Header Files</Filter>
    </ClInclude>
    <ClInclude Include="src\renderers\WaterRenderer.h">
      <Filter>Header Files</Filter>
    </ClInclude>
    <ClInclude Include="src\environment\Water.h">
      <Filter>Header Files</Filter>
    </ClInclude>
    <ClInclude Include="src\renderers\WaterFrameBuffers.h">
      <Filter>Header Files</Filter>
    </ClInclude>
    <ClInclude Include="src\text\Text.h">
      <Filter>Header Files</Filter>
    </ClInclude>
    <ClInclude Include="src\text\FontType.h">
      <Filter>Header Files</Filter>
    </ClInclude>
    <ClInclude Include="src\text\TextLoader.h">
      <Filter>Header Files</Filter>
    </ClInclude>
    <ClInclude Include="src\text\GuiText.h">
      <Filter>Header Files</Filter>
    </ClInclude>
    <ClInclude Include="src\text\TextMaster.h">
      <Filter>Header Files</Filter>
    </ClInclude>
    <ClInclude Include="src\text\FontData.h">
      <Filter>Header Files</Filter>
    </ClInclude>
    <ClInclude Include="src\scene\TestScene.h">
      <Filter>Header Files</Filter>
    </ClInclude>
  </ItemGroup>
</Project>